
Microsoft Visual Studio Solution File, Format Version 12.00
# Visual Studio Version 17
VisualStudioVersion = 17.1.32228.430
MinimumVisualStudioVersion = 10.0.40219.1
Project("{FAE04EC0-301F-11D3-BF4B-00C04F79EFBC}") = "BubbleSort", "BubbleSort\BubbleSort.csproj", "{8210CF86-8FC6-4F54-A3BC-ED0025C8034F}"
EndProject
Global
	GlobalSection(SolutionConfigurationPlatforms) = preSolution
		Debug|Any CPU = Debug|Any CPU
		Release|Any CPU = Release|Any CPU
	EndGlobalSection
	GlobalSection(ProjectConfigurationPlatforms) = postSolution
		{8210CF86-8FC6-4F54-A3BC-ED0025C8034F}.Debug|Any CPU.ActiveCfg = Debug|Any CPU
		{8210CF86-8FC6-4F54-A3BC-ED0025C8034F}.Debug|Any CPU.Build.0 = Debug|Any CPU
		{8210CF86-8FC6-4F54-A3BC-ED0025C8034F}.Release|Any CPU.ActiveCfg = Release|Any CPU
		{8210CF86-8FC6-4F54-A3BC-ED0025C8034F}.Release|Any CPU.Build.0 = Release|Any CPU
	EndGlobalSection
	GlobalSection(SolutionProperties) = preSolution
		HideSolutionNode = FALSE
	EndGlobalSection
	GlobalSection(ExtensibilityGlobals) = postSolution
		SolutionGuid = {F5DF2089-0CC2-4BF1-B89D-D69EC36B031F}
	EndGlobalSection
EndGlobal
