
Microsoft Visual Studio Solution File, Format Version 12.00
# Visual Studio Version 17
VisualStudioVersion = 17.1.32228.430
MinimumVisualStudioVersion = 10.0.40219.1
Project("{FAE04EC0-301F-11D3-BF4B-00C04F79EFBC}") = "PrimePalindrom", "PrimePalindrom\PrimePalindrom.csproj", "{0D2EC67B-FC05-479F-B35B-7A6053FDD106}"
EndProject
Global
	GlobalSection(SolutionConfigurationPlatforms) = preSolution
		Debug|Any CPU = Debug|Any CPU
		Release|Any CPU = Release|Any CPU
	EndGlobalSection
	GlobalSection(ProjectConfigurationPlatforms) = postSolution
		{0D2EC67B-FC05-479F-B35B-7A6053FDD106}.Debug|Any CPU.ActiveCfg = Debug|Any CPU
		{0D2EC67B-FC05-479F-B35B-7A6053FDD106}.Debug|Any CPU.Build.0 = Debug|Any CPU
		{0D2EC67B-FC05-479F-B35B-7A6053FDD106}.Release|Any CPU.ActiveCfg = Release|Any CPU
		{0D2EC67B-FC05-479F-B35B-7A6053FDD106}.Release|Any CPU.Build.0 = Release|Any CPU
	EndGlobalSection
	GlobalSection(SolutionProperties) = preSolution
		HideSolutionNode = FALSE
	EndGlobalSection
	GlobalSection(ExtensibilityGlobals) = postSolution
		SolutionGuid = {C6ECAC61-5F75-4E4F-8426-1F55601C5622}
	EndGlobalSection
EndGlobal
